# THIS IS AN AUTOGENERATED FILE. DO NOT EDIT THIS FILE DIRECTLY.
# yarn lockfile v1


"@jimp/bmp@^0.22.10":
  version "0.22.10"
  resolved "https://registry.yarnpkg.com/@jimp/bmp/-/bmp-0.22.10.tgz#e4fe8934a83f1e677cbfd74ad22a684bf1aad529"
  integrity sha512-1UXRl1Nw1KptZ1r0ANqtXOst9vGH51dq7keVKQzyyTO2lz4dOaezS9StuSTNh+RmiHg/SVPaFRpPfB0S/ln4Kg==
  dependencies:
    "@jimp/utils" "^0.22.10"
    bmp-js "^0.1.0"

"@jimp/core@^0.22.10":
  version "0.22.10"
  resolved "https://registry.yarnpkg.com/@jimp/core/-/core-0.22.10.tgz#a106e719a9e1bc668c9595065a0872767cda3934"
  integrity sha512-ZKyrehVy6wu1PnBXIUpn/fXmyMRQiVSbvHDubgXz4bfTOao3GiOurKHjByutQIgozuAN6ZHWiSge1dKA+dex3w==
  dependencies:
    "@jimp/utils" "^0.22.10"
    any-base "^1.1.0"
    buffer "^5.2.0"
    exif-parser "^0.1.12"
    file-type "^16.5.4"
    isomorphic-fetch "^3.0.0"
    pixelmatch "^4.0.2"
    tinycolor2 "^1.6.0"

"@jimp/custom@^0.22.10":
  version "0.22.10"
  resolved "https://registry.yarnpkg.com/@jimp/custom/-/custom-0.22.10.tgz#621f3ec418c59c78ca43c5bc6f91a467e48a7a87"
  integrity sha512-sPZkUYe1hu0iIgNisjizxPJqq2vaaKvkCkPoXq2U6UV3ZA1si/WVdrg25da3IcGIEV+83AoHgM8TvqlLgrCJsg==
  dependencies:
    "@jimp/core" "^0.22.10"

"@jimp/gif@^0.22.10":
  version "0.22.10"
  resolved "https://registry.yarnpkg.com/@jimp/gif/-/gif-0.22.10.tgz#fc47738edc5f5327a0c023ad40e89417fdb5ef60"
  integrity sha512-yEX2dSpamvkSx1PPDWGnKeWDrBz0vrCKjVG/cn4Zr68MRRT75tbZIeOrBa+RiUpY3ho5ix7d36LkYvt3qfUIhQ==
  dependencies:
    "@jimp/utils" "^0.22.10"
    gifwrap "^0.10.1"
    omggif "^1.0.9"

"@jimp/jpeg@^0.22.10":
  version "0.22.10"
  resolved "https://registry.yarnpkg.com/@jimp/jpeg/-/jpeg-0.22.10.tgz#b4aba85d607d598d5a4ce0c66cefe69a8fc45c26"
  integrity sha512-6bu98pAcVN4DY2oiDLC4TOgieX/lZrLd1tombWZOFCN5PBmqaHQxm7IUmT+Wj4faEvh8QSHgVLSA+2JQQRJWVA==
  dependencies:
    "@jimp/utils" "^0.22.10"
    jpeg-js "^0.4.4"

"@jimp/plugin-blit@^0.22.10":
  version "0.22.10"
  resolved "https://registry.yarnpkg.com/@jimp/plugin-blit/-/plugin-blit-0.22.10.tgz#c351a27d52d8273b61d4f3cd68a9b73b03dd7b14"
  integrity sha512-6EI8Sl+mxYHEIy6Yteh6eknD+EZguKpNdr3sCKxNezmLR0+vK99vHcllo6uGSjXXiwtwS67Xqxn8SsoatL+UJQ==
  dependencies:
    "@jimp/utils" "^0.22.10"

"@jimp/plugin-blur@^0.22.10":
  version "0.22.10"
  resolved "https://registry.yarnpkg.com/@jimp/plugin-blur/-/plugin-blur-0.22.10.tgz#22a67bb8b21403ac28b44bef6cf9a934846fec83"
  integrity sha512-4XRTWuPVdMXJeclJMisXPGizeHtTryVaVV5HnuQXpKqIZtzXReCCpNGH8q/i0kBQOQMXhGWS3mpqOEwtpPePKw==
  dependencies:
    "@jimp/utils" "^0.22.10"

"@jimp/plugin-circle@^0.22.10":
  version "0.22.10"
  resolved "https://registry.yarnpkg.com/@jimp/plugin-circle/-/plugin-circle-0.22.10.tgz#2a4c81b5c1a49f583d2d5090496c1ecb29c52c1a"
  integrity sha512-mhcwTO1ywRxiCgtLGge6tDDIDPlX6qkI3CY+BjgGG/XhVHccCddXgOGLdlf+5OuKIEF2Nqs0V01LQEQIJFTmEw==
  dependencies:
    "@jimp/utils" "^0.22.10"

"@jimp/plugin-color@^0.22.10":
  version "0.22.10"
  resolved "https://registry.yarnpkg.com/@jimp/plugin-color/-/plugin-color-0.22.10.tgz#cf053aa30eb3bf7df3cceb8547ef78a841bfcd72"
  integrity sha512-e4t3L7Kedd96E0x1XjsTM6NcgulKUU66HdFTao7Tc9FYJRFSlttARZ/C6LEryGDm/i69R6bJEpo7BkNz0YL55Q==
  dependencies:
    "@jimp/utils" "^0.22.10"
    tinycolor2 "^1.6.0"

"@jimp/plugin-contain@^0.22.10":
  version "0.22.10"
  resolved "https://registry.yarnpkg.com/@jimp/plugin-contain/-/plugin-contain-0.22.10.tgz#5302e088a09884ff0ae6656e0e682e2e487c2199"
  integrity sha512-eP8KrzctuEoqibQAxi9WhbnoRosydhiwg+IYya3dKuKDBTrD9UHt+ERlPQ/lTNWHzV/l4S1ntV3r9s9saJgsXA==
  dependencies:
    "@jimp/utils" "^0.22.10"

"@jimp/plugin-cover@^0.22.10":
  version "0.22.10"
  resolved "https://registry.yarnpkg.com/@jimp/plugin-cover/-/plugin-cover-0.22.10.tgz#746b25bbea92aa7f9b130feca5af02717122e6d5"
  integrity sha512-kJCwL5T1igfa0InCfkE7bBeqg26m46aoRt10ug+rvm11P6RrvRMGrgINFyIKB+mnB7CiyBN/MOula1CvLhSInQ==
  dependencies:
    "@jimp/utils" "^0.22.10"

"@jimp/plugin-crop@^0.22.10":
  version "0.22.10"
  resolved "https://registry.yarnpkg.com/@jimp/plugin-crop/-/plugin-crop-0.22.10.tgz#6204fd6be751d7edb64a86ab788ba762843b9877"
  integrity sha512-BOZ+YGaZlhU7c5ye65RxikicXH0Ki0It6/XHISvipR5WZrfjLjL2Ke20G+AGnwBQc76gKenVcMXVUCnEjtZV+Q==
  dependencies:
    "@jimp/utils" "^0.22.10"

"@jimp/plugin-displace@^0.22.10":
  version "0.22.10"
  resolved "https://registry.yarnpkg.com/@jimp/plugin-displace/-/plugin-displace-0.22.10.tgz#6dc277c84c0c6b2c2d793271ddf45b61284cb043"
  integrity sha512-llNiWWMTKISDXt5+cXI0GaFmZWAjlT+4fFLYf4eXquuL/9wZoQsEBhv2GdGd48mkiS8jZq1Nnb2Q4ehEPTvrzw==
  dependencies:
    "@jimp/utils" "^0.22.10"

"@jimp/plugin-dither@^0.22.10":
  version "0.22.10"
  resolved "https://registry.yarnpkg.com/@jimp/plugin-dither/-/plugin-dither-0.22.10.tgz#9cbad07fb16d2dcb88d86c16d5437dee9232426a"
  integrity sha512-05WLmeV5M+P/0FS+bWf13hMew2X0oa8w9AtmevL2UyA/5GqiyvP2Xm5WfGQ8oFiiMvpnL6RFomJQOZtWca0C2w==
  dependencies:
    "@jimp/utils" "^0.22.10"

"@jimp/plugin-fisheye@^0.22.10":
  version "0.22.10"
  resolved "https://registry.yarnpkg.com/@jimp/plugin-fisheye/-/plugin-fisheye-0.22.10.tgz#94cbb32947d24cdd596f7259754e390e69c3e7a6"
  integrity sha512-InjiXvc7Gkzrx8VWtU97kDqV7ENnhHGPULymJWeZaF2aicud9Fpk4iCtd/DcZIrk7Cbe60A8RwNXN00HXIbSCg==
  dependencies:
    "@jimp/utils" "^0.22.10"

"@jimp/plugin-flip@^0.22.10":
  version "0.22.10"
  resolved "https://registry.yarnpkg.com/@jimp/plugin-flip/-/plugin-flip-0.22.10.tgz#58f9e05c5038d1ab849bda41cee4f0416fe07fb5"
  integrity sha512-42GkGtTHWnhnwTMPVK/kXObZbkYIpQWfuIfy5EMEMk6zRj05zpv4vsjkKWfuemweZINwfvD7wDJF7FVFNNcZZg==
  dependencies:
    "@jimp/utils" "^0.22.10"

"@jimp/plugin-gaussian@^0.22.10":
  version "0.22.10"
  resolved "https://registry.yarnpkg.com/@jimp/plugin-gaussian/-/plugin-gaussian-0.22.10.tgz#69effed5dccd11eada36262bd65fbaa06bd8be84"
  integrity sha512-ykrG/6lTp9Q5YA8jS5XzwMHtRxb9HOFMgtmnrUZ8kU+BK8REecfy9Ic5BUEOjCYvS1a/xLsnrZQU07iiYxBxFg==
  dependencies:
    "@jimp/utils" "^0.22.10"

"@jimp/plugin-invert@^0.22.10":
  version "0.22.10"
  resolved "https://registry.yarnpkg.com/@jimp/plugin-invert/-/plugin-invert-0.22.10.tgz#370b4ce4634b3e2c5fbbe88270a74f5673c765bb"
  integrity sha512-d8j9BlUJYs/c994t4azUWSWmQq4LLPG4ecm8m6SSNqap+S/HlVQGqjYhJEBbY9EXkOTYB9vBL9bqwSM1Rr6paA==
  dependencies:
    "@jimp/utils" "^0.22.10"

"@jimp/plugin-mask@^0.22.10":
  version "0.22.10"
  resolved "https://registry.yarnpkg.com/@jimp/plugin-mask/-/plugin-mask-0.22.10.tgz#6404f54a782c952fecf7b6ae0f3d894d4fc99c51"
  integrity sha512-yRBs1230XZkz24uFTdTcSlZ0HXZpIWzM3iFQN56MzZ7USgdVZjPPDCQ8I9RpqfZ36nDflQkUO0wV7ucsi4ogow==
  dependencies:
    "@jimp/utils" "^0.22.10"

"@jimp/plugin-normalize@^0.22.10":
  version "0.22.10"
  resolved "https://registry.yarnpkg.com/@jimp/plugin-normalize/-/plugin-normalize-0.22.10.tgz#6a8d0f57a8f90a3ec15f2391c338b94f3eb49e72"
  integrity sha512-Wk9GX6eJMchX/ZAazVa70Fagu+OXMvHiPY+HrcEwcclL+p1wo8xAHEsf9iKno7Ja4EU9lLhbBRY5hYJyiKMEkg==
  dependencies:
    "@jimp/utils" "^0.22.10"

"@jimp/plugin-print@^0.22.10":
  version "0.22.10"
  resolved "https://registry.yarnpkg.com/@jimp/plugin-print/-/plugin-print-0.22.10.tgz#8c96df70851c1ead0b79c8ea74c8411445d921ca"
  integrity sha512-1U3VloIR+beE1kWPdGEJMiE2h1Do29iv3w8sBbvPyRP4qXxRFcDpmCGtctsrKmb1krlBFlj8ubyAY90xL+5n9w==
  dependencies:
    "@jimp/utils" "^0.22.10"
    load-bmfont "^1.4.1"

"@jimp/plugin-resize@^0.22.10":
  version "0.22.10"
  resolved "https://registry.yarnpkg.com/@jimp/plugin-resize/-/plugin-resize-0.22.10.tgz#d968f0167069c9f7e612bceefdbcc4b3c65934b5"
  integrity sha512-ixomxVcnAONXDgaq0opvAx4UAOiEhOA/tipuhFFOvPKFd4yf1BAnEviB5maB0SBHHkJXPUSzDp/73xVTMGSe7g==
  dependencies:
    "@jimp/utils" "^0.22.10"

"@jimp/plugin-rotate@^0.22.10":
  version "0.22.10"
  resolved "https://registry.yarnpkg.com/@jimp/plugin-rotate/-/plugin-rotate-0.22.10.tgz#93d3781eca02d549a632db74bc63d27a6bb9a38c"
  integrity sha512-eeFX8dnRyf3LAdsdXWKWuN18hLRg8zy1cP0cP9rHzQVWRK7ck/QsLxK1vHq7MADGwQalNaNTJ9SQxH6c8mz6jw==
  dependencies:
    "@jimp/utils" "^0.22.10"

"@jimp/plugin-scale@^0.22.10":
  version "0.22.10"
  resolved "https://registry.yarnpkg.com/@jimp/plugin-scale/-/plugin-scale-0.22.10.tgz#69127d45eb0837cd23cd04cff3677344064670ac"
  integrity sha512-TG/H0oUN69C9ArBCZg4PmuoixFVKIiru8282KzSB/Tp1I0xwX0XLTv3dJ5pobPlIgPcB+TmD4xAIdkCT4rtWxg==
  dependencies:
    "@jimp/utils" "^0.22.10"

"@jimp/plugin-shadow@^0.22.10":
  version "0.22.10"
  resolved "https://registry.yarnpkg.com/@jimp/plugin-shadow/-/plugin-shadow-0.22.10.tgz#ccf379a8d41861eb07c35a60f3dcdede8e856de7"
  integrity sha512-TN9xm6fI7XfxbMUQqFPZjv59Xdpf0tSiAQdINB4g6pJMWiVANR/74OtDONoy3KKpenu5Y38s+FkrtID/KcQAhw==
  dependencies:
    "@jimp/utils" "^0.22.10"

"@jimp/plugin-threshold@^0.22.10":
  version "0.22.10"
  resolved "https://registry.yarnpkg.com/@jimp/plugin-threshold/-/plugin-threshold-0.22.10.tgz#590bda5ddf9071adad36f98197e710f33cb47a26"
  integrity sha512-DA2lSnU0TgIRbAgmXaxroYw3Ad6J2DOFEoJp0NleSm2h3GWbZEE5yW9U2B6hD3iqn4AenG4E2b2WzHXZyzSutw==
  dependencies:
    "@jimp/utils" "^0.22.10"

"@jimp/plugins@^0.22.10":
  version "0.22.10"
  resolved "https://registry.yarnpkg.com/@jimp/plugins/-/plugins-0.22.10.tgz#7062b6a36dc2d9c8dbd574a7697b6efaccecdee8"
  integrity sha512-KDMZyM6pmvS8freB+UBLko1TO/k4D7URS/nphCozuH+P7i3UMe7NdckXKJ8u+WD6sqN0YFYvBehpkpnUiw/91w==
  dependencies:
    "@jimp/plugin-blit" "^0.22.10"
    "@jimp/plugin-blur" "^0.22.10"
    "@jimp/plugin-circle" "^0.22.10"
    "@jimp/plugin-color" "^0.22.10"
    "@jimp/plugin-contain" "^0.22.10"
    "@jimp/plugin-cover" "^0.22.10"
    "@jimp/plugin-crop" "^0.22.10"
    "@jimp/plugin-displace" "^0.22.10"
    "@jimp/plugin-dither" "^0.22.10"
    "@jimp/plugin-fisheye" "^0.22.10"
    "@jimp/plugin-flip" "^0.22.10"
    "@jimp/plugin-gaussian" "^0.22.10"
    "@jimp/plugin-invert" "^0.22.10"
    "@jimp/plugin-mask" "^0.22.10"
    "@jimp/plugin-normalize" "^0.22.10"
    "@jimp/plugin-print" "^0.22.10"
    "@jimp/plugin-resize" "^0.22.10"
    "@jimp/plugin-rotate" "^0.22.10"
    "@jimp/plugin-scale" "^0.22.10"
    "@jimp/plugin-shadow" "^0.22.10"
    "@jimp/plugin-threshold" "^0.22.10"
    timm "^1.6.1"

"@jimp/png@^0.22.10":
  version "0.22.10"
  resolved "https://registry.yarnpkg.com/@jimp/png/-/png-0.22.10.tgz#397da6479f515dc87525b0f25efe4cb11cb75156"
  integrity sha512-RYinU7tZToeeR2g2qAMn42AU+8OUHjXPKZZ9RkmoL4bguA1xyZWaSdr22/FBkmnHhOERRlr02KPDN1OTOYHLDQ==
  dependencies:
    "@jimp/utils" "^0.22.10"
    pngjs "^6.0.0"

"@jimp/tiff@^0.22.10":
  version "0.22.10"
  resolved "https://registry.yarnpkg.com/@jimp/tiff/-/tiff-0.22.10.tgz#e5511e21c73719a308545732f1ec050f52a8e0ad"
  integrity sha512-OaivlSYzpNTHyH/h7pEtl3A7F7TbsgytZs52GLX/xITW92ffgDgT6PkldIrMrET6ERh/hdijNQiew7IoEEr2og==
  dependencies:
    utif2 "^4.0.1"

"@jimp/types@^0.22.10":
  version "0.22.10"
  resolved "https://registry.yarnpkg.com/@jimp/types/-/types-0.22.10.tgz#1ae01dfea9f36ba9751e63a1eedecb4c4da9ef16"
  integrity sha512-u/r+XYzbCx4zZukDmxx8S0er3Yq3iDPI6+31WKX0N18i2qPPJYcn8qwIFurfupRumGvJ8SlGLCgt/T+Y8zzUIw==
  dependencies:
    "@jimp/bmp" "^0.22.10"
    "@jimp/gif" "^0.22.10"
    "@jimp/jpeg" "^0.22.10"
    "@jimp/png" "^0.22.10"
    "@jimp/tiff" "^0.22.10"
    timm "^1.6.1"

"@jimp/utils@^0.22.10":
  version "0.22.10"
  resolved "https://registry.yarnpkg.com/@jimp/utils/-/utils-0.22.10.tgz#d05934fae1c4bd988205d3decc2a649df0724a26"
  integrity sha512-ztlOK9Mm2iLG2AMoabzM4i3WZ/FtshcgsJCbZCRUs/DKoeS2tySRJTnQZ1b7Roq0M4Ce+FUAxnCAcBV0q7PH9w==
  dependencies:
    regenerator-runtime "^0.13.3"

"@tokenizer/token@^0.3.0":
  version "0.3.0"
  resolved "https://registry.yarnpkg.com/@tokenizer/token/-/token-0.3.0.tgz#fe98a93fe789247e998c75e74e9c7c63217aa276"
  integrity sha512-OvjF+z51L3ov0OyAU0duzsYuvO01PH7x4t6DJx+guahgTnBHkhJdG7soQeTSFLWN3efnHyibZ4Z8l2EuWwJN3A==

"@types/jimp@^0.2.28":
  version "0.2.28"
  resolved "https://registry.yarnpkg.com/@types/jimp/-/jimp-0.2.28.tgz#88dc2aae028eca50008d70c2f6926b2a2d4f30e7"
  integrity sha512-nLIVbImtcaEf90y2XQsMzfgWK5EZxfDg6EVWobrkFTFJiLqmx/yU5Jh+LYUN94ztzXX1GwQLFYHaEi8tfMeZzw==
  dependencies:
    jimp "*"

"@types/node@16.9.1":
  version "16.9.1"
  resolved "https://registry.yarnpkg.com/@types/node/-/node-16.9.1.tgz#0611b37db4246c937feef529ddcc018cf8e35708"
  integrity sha512-QpLcX9ZSsq3YYUUnD3nFDY8H7wctAhQj/TFKL8Ya8v5fMm3CFXxo8zStsLAl780ltoYoo1WvKUVGBQK+1ifr7g==

ansi-regex@^4.1.0:
  version "4.1.1"
  resolved "https://registry.yarnpkg.com/ansi-regex/-/ansi-regex-4.1.1.tgz#164daac87ab2d6f6db3a29875e2d1766582dabed"
  integrity sha512-ILlv4k/3f6vfQ4OoP2AGvirOktlQ98ZEL1k9FaQjxa3L1abBgbuTDAdPOpvbGncC0BTVQrl+OM8xZGK6tWXt7g==

ansi-styles@^4.1.0:
  version "4.3.0"
  resolved "https://registry.yarnpkg.com/ansi-styles/-/ansi-styles-4.3.0.tgz#edd803628ae71c04c85ae7a0906edad34b648937"
  integrity sha512-zbB9rCJAT1rbjiVDb2hqKFHNYLxgtk8NURxZ3IZwD3F6NtxbXZQCnnSi1Lkx+IDohdPlFp222wVALIheZJQSEg==
  dependencies:
    color-convert "^2.0.1"

any-base@^1.1.0:
  version "1.1.0"
  resolved "https://registry.yarnpkg.com/any-base/-/any-base-1.1.0.tgz#ae101a62bc08a597b4c9ab5b7089d456630549fe"
  integrity sha512-uMgjozySS8adZZYePpaWs8cxB9/kdzmpX6SgJZ+wbz1K5eYk5QMYDVJaZKhxyIHUdnnJkfR7SVgStgH7LkGUyg==

async@^2.6.4:
  version "2.6.4"
  resolved "https://registry.yarnpkg.com/async/-/async-2.6.4.tgz#706b7ff6084664cd7eae713f6f965433b5504221"
  integrity sha512-mzo5dfJYwAn29PeiJ0zvwTo04zj8HDJj0Mn8TD7sno7q12prdbnasKJHhkm2c1LgrhlJ0teaea8860oxi51mGA==
  dependencies:
    lodash "^4.17.14"

base64-js@^1.3.1:
  version "1.5.1"
  resolved "https://registry.yarnpkg.com/base64-js/-/base64-js-1.5.1.tgz#1b1b440160a5bf7ad40b650f095963481903930a"
  integrity sha512-AKpaYlHn8t4SVbOHCy+b5+KKgvR4vrsD8vbvrbiQJps7fKDTkjkDry6ji0rUJjC0kzbNePLwzxq8iypo41qeWA==

basic-auth@^2.0.1:
  version "2.0.1"
  resolved "https://registry.yarnpkg.com/basic-auth/-/basic-auth-2.0.1.tgz#b998279bf47ce38344b4f3cf916d4679bbf51e3a"
  integrity sha512-NF+epuEdnUYVlGuhaxbbq+dvJttwLnGY+YixlXlME5KpQ5W3CnXA5cVTneY3SPbPDRkcjMbifrwmFYcClgOZeg==
  dependencies:
    safe-buffer "5.1.2"

bmp-js@^0.1.0:
  version "0.1.0"
  resolved "https://registry.yarnpkg.com/bmp-js/-/bmp-js-0.1.0.tgz#e05a63f796a6c1ff25f4771ec7adadc148c07233"
  integrity sha512-vHdS19CnY3hwiNdkaqk93DvjVLfbEcI8mys4UjuWrlX1haDmroo8o4xCzh4wD6DGV6HxRCyauwhHRqMTfERtjw==

buffer-equal@0.0.1:
  version "0.0.1"
  resolved "https://registry.yarnpkg.com/buffer-equal/-/buffer-equal-0.0.1.tgz#91bc74b11ea405bc916bc6aa908faafa5b4aac4b"
  integrity sha512-RgSV6InVQ9ODPdLWJ5UAqBqJBOg370Nz6ZQtRzpt6nUjc8v0St97uJ4PYC6NztqIScrAXafKM3mZPMygSe1ggA==

buffer@^5.2.0:
  version "5.7.1"
  resolved "https://registry.yarnpkg.com/buffer/-/buffer-5.7.1.tgz#ba62e7c13133053582197160851a8f648e99eed0"
  integrity sha512-EHcyIPBQ4BSGlvjB16k5KgAJ27CIsHY/2JBmCRReo48y9rQ3MaUzWX3KVlBa4U7MyX02HdVj0K7C3WaB3ju7FQ==
  dependencies:
    base64-js "^1.3.1"
    ieee754 "^1.1.13"

bundle-name@^4.1.0:
  version "4.1.0"
  resolved "https://registry.yarnpkg.com/bundle-name/-/bundle-name-4.1.0.tgz#f3b96b34160d6431a19d7688135af7cfb8797889"
  integrity sha512-tjwM5exMg6BGRI+kNmTntNsvdZS1X8BFYS6tnJ2hdH0kVxM6/eVZ2xy+FqStSWvYmtfFMDLIxurorHwDKfDz5Q==
  dependencies:
    run-applescript "^7.0.0"

call-bind@^1.0.6:
  version "1.0.7"
  resolved "https://registry.yarnpkg.com/call-bind/-/call-bind-1.0.7.tgz#06016599c40c56498c18769d2730be242b6fa3b9"
  integrity sha512-GHTSNSYICQ7scH7sZ+M2rFopRoLh8t2bLSW6BbgrtLsahOIB5iyAVJf9GjWK3cYTDaMj4XdBpM1cA6pIS0Kv2w==
  dependencies:
    es-define-property "^1.0.0"
    es-errors "^1.3.0"
    function-bind "^1.1.2"
    get-intrinsic "^1.2.4"
    set-function-length "^1.2.1"

chalk@^4.1.2:
  version "4.1.2"
  resolved "https://registry.yarnpkg.com/chalk/-/chalk-4.1.2.tgz#aac4e2b7734a740867aeb16bf02aad556a1e7a01"
  integrity sha512-oKnbhFyRIXpUuez8iBMmyEa4nbj4IOQyuhc/wy9kY7/WVPcwIO9VA668Pu8RkO7+0G76SLROeyw9CpQ061i4mA==
  dependencies:
    ansi-styles "^4.1.0"
    supports-color "^7.1.0"

color-convert@^2.0.1:
  version "2.0.1"
  resolved "https://registry.yarnpkg.com/color-convert/-/color-convert-2.0.1.tgz#72d3a68d598c9bdb3af2ad1e84f21d896abd4de3"
  integrity sha512-RRECPsj7iu/xb5oKYcsFHSppFNnsj/52OVTRKb4zP5onXwVF3zVmmToNcOfGC+CRDpfK/U584fMg38ZHCaElKQ==
  dependencies:
    color-name "~1.1.4"

color-name@~1.1.4:
  version "1.1.4"
  resolved "https://registry.yarnpkg.com/color-name/-/color-name-1.1.4.tgz#c2a09a87acbde69543de6f63fa3995c826c536a2"
  integrity sha512-dOy+3AuW3a2wNbZHIuMZpTcgjGuLU/uBL/ubcZF9OXbDo8ff4O8yVp5Bf0efS8uEoYo5q4Fx7dY9OgQGXgAsQA==

commander@^12.0.0:
  version "12.0.0"
  resolved "https://registry.yarnpkg.com/commander/-/commander-12.0.0.tgz#b929db6df8546080adfd004ab215ed48cf6f2592"
  integrity sha512-MwVNWlYjDTtOjX5PiD7o5pK0UrFU/OYgcJfjjK4RaHZETNtjJqrZa9Y9ds88+A+f+d5lv+561eZ+yCKoS3gbAA==

corser@^2.0.1:
  version "2.0.1"
  resolved "https://registry.yarnpkg.com/corser/-/corser-2.0.1.tgz#8eda252ecaab5840dcd975ceb90d9370c819ff87"
  integrity sha512-utCYNzRSQIZNPIcGZdQc92UVJYAhtGAteCFg0yRaFm8f0P+CPtyGyHXJcGXnffjCybUCEx3FQ2G7U3/o9eIkVQ==

debug@^3.2.7:
  version "3.2.7"
  resolved "https://registry.yarnpkg.com/debug/-/debug-3.2.7.tgz#72580b7e9145fb39b6676f9c5e5fb100b934179a"
  integrity sha512-CFjzYYAi4ThfiQvizrFQevTTXHtnCqWfe7x1AhgEscTz6ZbLbfoLRLPugTQyBth6f8ZERVUSyWHFD/7Wu4t1XQ==
  dependencies:
    ms "^2.1.1"

default-browser-id@^5.0.0:
  version "5.0.0"
  resolved "https://registry.yarnpkg.com/default-browser-id/-/default-browser-id-5.0.0.tgz#a1d98bf960c15082d8a3fa69e83150ccccc3af26"
  integrity sha512-A6p/pu/6fyBcA1TRz/GqWYPViplrftcW2gZC9q79ngNCKAeR/X3gcEdXQHl4KNXV+3wgIJ1CPkJQ3IHM6lcsyA==

default-browser@^5.2.1:
  version "5.2.1"
  resolved "https://registry.yarnpkg.com/default-browser/-/default-browser-5.2.1.tgz#7b7ba61204ff3e425b556869ae6d3e9d9f1712cf"
  integrity sha512-WY/3TUME0x3KPYdRRxEJJvXRHV4PyPoUsxtZa78lwItwRQRHhd2U9xOscaT/YTf8uCXIAjeJOFBVEh/7FtD8Xg==
  dependencies:
    bundle-name "^4.1.0"
    default-browser-id "^5.0.0"

define-data-property@^1.1.2:
  version "1.1.4"
  resolved "https://registry.yarnpkg.com/define-data-property/-/define-data-property-1.1.4.tgz#894dc141bb7d3060ae4366f6a0107e68fbe48c5e"
  integrity sha512-rBMvIzlpA8v6E+SJZoo++HAYqsLrkg7MSfIinMPFhmkorw7X+dOXVJQs+QT69zGkzMyfDnIMN2Wid1+NbL3T+A==
  dependencies:
    es-define-property "^1.0.0"
    es-errors "^1.3.0"
    gopd "^1.0.1"

define-lazy-prop@^3.0.0:
  version "3.0.0"
  resolved "https://registry.yarnpkg.com/define-lazy-prop/-/define-lazy-prop-3.0.0.tgz#dbb19adfb746d7fc6d734a06b72f4a00d021255f"
  integrity sha512-N+MeXYoqr3pOgn8xfyRPREN7gHakLYjhsHhWGT3fWAiL4IkAt0iDw14QiiEm2bE30c5XX5q0FtAA3CK5f9/BUg==

dom-walk@^0.1.0:
  version "0.1.2"
  resolved "https://registry.yarnpkg.com/dom-walk/-/dom-walk-0.1.2.tgz#0c548bef048f4d1f2a97249002236060daa3fd84"
  integrity sha512-6QvTW9mrGeIegrFXdtQi9pk7O/nSK6lSdXW2eqUspN5LWD7UTji2Fqw5V2YLjBpHEoU9Xl/eUWNpDeZvoyOv2w==

duplexer@~0.1.1:
  version "0.1.2"
  resolved "https://registry.yarnpkg.com/duplexer/-/duplexer-0.1.2.tgz#3abe43aef3835f8ae077d136ddce0f276b0400e6"
  integrity sha512-jtD6YG370ZCIi/9GTaJKQxWTZD045+4R4hTk/x1UyoqadyJ9x9CgSi1RlVDQF8U2sxLLSnFkCaMihqljHIWgMg==

es-define-property@^1.0.0:
  version "1.0.0"
  resolved "https://registry.yarnpkg.com/es-define-property/-/es-define-property-1.0.0.tgz#c7faefbdff8b2696cf5f46921edfb77cc4ba3845"
  integrity sha512-jxayLKShrEqqzJ0eumQbVhTYQM27CfT1T35+gCgDFoL82JLsXqTJ76zv6A0YLOgEnLUMvLzsDsGIrl8NFpT2gQ==
  dependencies:
    get-intrinsic "^1.2.4"

es-errors@^1.3.0:
  version "1.3.0"
  resolved "https://registry.yarnpkg.com/es-errors/-/es-errors-1.3.0.tgz#05f75a25dab98e4fb1dcd5e1472c0546d5057c8f"
  integrity sha512-Zf5H2Kxt2xjTvbJvP2ZWLEICxA6j+hAmMzIlypy4xcBg1vKVnx89Wy0GbS+kf5cwCVFFzdCFh2XSCFNULS6csw==

event-stream@=3.3.4:
  version "3.3.4"
  resolved "https://registry.yarnpkg.com/event-stream/-/event-stream-3.3.4.tgz#4ab4c9a0f5a54db9338b4c34d86bfce8f4b35571"
  integrity sha512-QHpkERcGsR0T7Qm3HNJSyXKEEj8AHNxkY3PK8TS2KJvQ7NiSHe3DDpwVKKtoYprL/AreyzFBeIkBIWChAqn60g==
  dependencies:
    duplexer "~0.1.1"
    from "~0"
    map-stream "~0.1.0"
    pause-stream "0.0.11"
    split "0.3"
    stream-combiner "~0.0.4"
    through "~2.3.1"

eventemitter3@^4.0.0:
  version "4.0.7"
  resolved "https://registry.yarnpkg.com/eventemitter3/-/eventemitter3-4.0.7.tgz#2de9b68f6528d5644ef5c59526a1b4a07306169f"
  integrity sha512-8guHBZCwKnFhYdHr2ysuRWErTwhoN2X8XELRlrRwpmfeY2jjuUN4taQMsULKUVo1K4DvZl+0pgfyoysHxvmvEw==

exif-parser@^0.1.12:
  version "0.1.12"
  resolved "https://registry.yarnpkg.com/exif-parser/-/exif-parser-0.1.12.tgz#58a9d2d72c02c1f6f02a0ef4a9166272b7760922"
  integrity sha512-c2bQfLNbMzLPmzQuOr8fy0csy84WmwnER81W88DzTp9CYNPJ6yzOj2EZAh9pywYpqHnshVLHQJ8WzldAyfY+Iw==

file-type@^16.5.4:
  version "16.5.4"
  resolved "https://registry.yarnpkg.com/file-type/-/file-type-16.5.4.tgz#474fb4f704bee427681f98dd390058a172a6c2fd"
  integrity sha512-/yFHK0aGjFEgDJjEKP0pWCplsPFPhwyfwevf/pVxiN0tmE4L9LmwWxWukdJSHdoCli4VgQLehjJtwQBnqmsKcw==
  dependencies:
    readable-web-to-node-stream "^3.0.0"
    strtok3 "^6.2.4"
    token-types "^4.1.1"

follow-redirects@^1.0.0:
  version "1.15.5"
  resolved "https://registry.yarnpkg.com/follow-redirects/-/follow-redirects-1.15.5.tgz#54d4d6d062c0fa7d9d17feb008461550e3ba8020"
  integrity sha512-vSFWUON1B+yAw1VN4xMfxgn5fTUiaOzAJCKBwIIgT/+7CuGy9+r+5gITvP62j3RmaD5Ph65UaERdOSRGUzZtgw==

from@~0:
  version "0.1.7"
  resolved "https://registry.yarnpkg.com/from/-/from-0.1.7.tgz#83c60afc58b9c56997007ed1a768b3ab303a44fe"
  integrity sha512-twe20eF1OxVxp/ML/kq2p1uc6KvFK/+vs8WjEbeKmV2He22MKm7YF2ANIt+EOqhJ5L3K/SuuPhk0hWQDjOM23g==

function-bind@^1.1.2:
  version "1.1.2"
  resolved "https://registry.yarnpkg.com/function-bind/-/function-bind-1.1.2.tgz#2c02d864d97f3ea6c8830c464cbd11ab6eab7a1c"
  integrity sha512-7XHNxH7qX9xG5mIwxkhumTox/MIRNcOgDrxWsMt2pAr23WHp6MrRlN7FBSFpCpr+oVO0F744iUgR82nJMfG2SA==

get-intrinsic@^1.1.3, get-intrinsic@^1.2.3, get-intrinsic@^1.2.4:
  version "1.2.4"
  resolved "https://registry.yarnpkg.com/get-intrinsic/-/get-intrinsic-1.2.4.tgz#e385f5a4b5227d449c3eabbad05494ef0abbeadd"
  integrity sha512-5uYhsJH8VJBTv7oslg4BznJYhDoRI6waYCxMmCdnTrcCrHA/fCFKoTFz2JKKE0HdDFUF7/oQuhzumXJK7paBRQ==
  dependencies:
    es-errors "^1.3.0"
    function-bind "^1.1.2"
    has-proto "^1.0.1"
    has-symbols "^1.0.3"
    hasown "^2.0.0"

gifwrap@^0.10.1:
  version "0.10.1"
  resolved "https://registry.yarnpkg.com/gifwrap/-/gifwrap-0.10.1.tgz#9ed46a5d51913b482d4221ce9c727080260b681e"
  integrity sha512-2760b1vpJHNmLzZ/ubTtNnEx5WApN/PYWJvXvgS+tL1egTTthayFYIQQNi136FLEDcN/IyEY2EcGpIITD6eYUw==
  dependencies:
    image-q "^4.0.0"
    omggif "^1.0.10"

global@~4.4.0:
  version "4.4.0"
  resolved "https://registry.yarnpkg.com/global/-/global-4.4.0.tgz#3e7b105179006a323ed71aafca3e9c57a5cc6406"
  integrity sha512-wv/LAoHdRE3BeTGz53FAamhGlPLhlssK45usmGFThIi4XqnBmjKQ16u+RNbP7WvigRZDxUsM0J3gcQ5yicaL0w==
  dependencies:
    min-document "^2.19.0"
    process "^0.11.10"

gopd@^1.0.1:
  version "1.0.1"
  resolved "https://registry.yarnpkg.com/gopd/-/gopd-1.0.1.tgz#29ff76de69dac7489b7c0918a5788e56477c332c"
  integrity sha512-d65bNlIadxvpb/A2abVdlqKqV563juRnZ1Wtk6s1sIR8uNsXR70xqIzVqxVf1eTqDunwT2MkczEeaezCKTZhwA==
  dependencies:
    get-intrinsic "^1.1.3"

has-flag@^4.0.0:
  version "4.0.0"
  resolved "https://registry.yarnpkg.com/has-flag/-/has-flag-4.0.0.tgz#944771fd9c81c81265c4d6941860da06bb59479b"
  integrity sha512-EykJT/Q1KjTWctppgIAgfSO0tKVuZUjhgMr17kqTumMl6Afv3EISleU7qZUzoXDFTAHTDC4NOoG/ZxU3EvlMPQ==

has-property-descriptors@^1.0.1:
  version "1.0.2"
  resolved "https://registry.yarnpkg.com/has-property-descriptors/-/has-property-descriptors-1.0.2.tgz#963ed7d071dc7bf5f084c5bfbe0d1b6222586854"
  integrity sha512-55JNKuIW+vq4Ke1BjOTjM2YctQIvCT7GFzHwmfZPGo5wnrgkid0YQtnAleFSqumZm4az3n2BS+erby5ipJdgrg==
  dependencies:
    es-define-property "^1.0.0"

has-proto@^1.0.1:
  version "1.0.3"
  resolved "https://registry.yarnpkg.com/has-proto/-/has-proto-1.0.3.tgz#b31ddfe9b0e6e9914536a6ab286426d0214f77fd"
  integrity sha512-SJ1amZAJUiZS+PhsVLf5tGydlaVB8EdFpaSO4gmiUKUOxk8qzn5AIy4ZeJUmh22znIdk/uMAUT2pl3FxzVUH+Q==

has-symbols@^1.0.3:
  version "1.0.3"
  resolved "https://registry.yarnpkg.com/has-symbols/-/has-symbols-1.0.3.tgz#bb7b2c4349251dce87b125f7bdf874aa7c8b39f8"
  integrity sha512-l3LCuF6MgDNwTDKkdYGEihYjt5pRPbEg46rtlmnSPlUbgmB8LOIrKJbYYFBSbnPaJexMKtiPO8hmeRjRz2Td+A==

hasown@^2.0.0:
  version "2.0.1"
  resolved "https://registry.yarnpkg.com/hasown/-/hasown-2.0.1.tgz#26f48f039de2c0f8d3356c223fb8d50253519faa"
  integrity sha512-1/th4MHjnwncwXsIW6QMzlvYL9kG5e/CpVvLRZe4XPa8TOUNbCELqmvhDmnkNsAjwaG4+I8gJJL0JBvTTLO9qA==
  dependencies:
    function-bind "^1.1.2"

he@^1.2.0:
  version "1.2.0"
  resolved "https://registry.yarnpkg.com/he/-/he-1.2.0.tgz#84ae65fa7eafb165fddb61566ae14baf05664f0f"
  integrity sha512-F/1DnUGPopORZi0ni+CvrCgHQ5FyEAHRLSApuYWMmrbSwoN2Mn/7k+Gl38gJnR7yyDZk6WLXwiGod1JOWNDKGw==

html-encoding-sniffer@^3.0.0:
  version "3.0.0"
  resolved "https://registry.yarnpkg.com/html-encoding-sniffer/-/html-encoding-sniffer-3.0.0.tgz#2cb1a8cf0db52414776e5b2a7a04d5dd98158de9"
  integrity sha512-oWv4T4yJ52iKrufjnyZPkrN0CH3QnrUqdB6In1g5Fe1mia8GmF36gnfNySxoZtxD5+NmYw1EElVXiBk93UeskA==
  dependencies:
    whatwg-encoding "^2.0.0"

http-proxy@^1.18.1:
  version "1.18.1"
  resolved "https://registry.yarnpkg.com/http-proxy/-/http-proxy-1.18.1.tgz#401541f0534884bbf95260334e72f88ee3976549"
  integrity sha512-7mz/721AbnJwIVbnaSv1Cz3Am0ZLT/UBwkC92VlxhXv/k/BBQfM2fXElQNC27BVGr0uwUpplYPQM9LnaBMR5NQ==
  dependencies:
    eventemitter3 "^4.0.0"
    follow-redirects "^1.0.0"
    requires-port "^1.0.0"

http-server@^14.1.1:
  version "14.1.1"
  resolved "https://registry.yarnpkg.com/http-server/-/http-server-14.1.1.tgz#d60fbb37d7c2fdff0f0fbff0d0ee6670bd285e2e"
  integrity sha512-+cbxadF40UXd9T01zUHgA+rlo2Bg1Srer4+B4NwIHdaGxAGGv59nYRnGGDJ9LBk7alpS0US+J+bLLdQOOkJq4A==
  dependencies:
    basic-auth "^2.0.1"
    chalk "^4.1.2"
    corser "^2.0.1"
    he "^1.2.0"
    html-encoding-sniffer "^3.0.0"
    http-proxy "^1.18.1"
    mime "^1.6.0"
    minimist "^1.2.6"
    opener "^1.5.1"
    portfinder "^1.0.28"
    secure-compare "3.0.1"
    union "~0.5.0"
    url-join "^4.0.1"

iconv-lite@0.6.3:
  version "0.6.3"
  resolved "https://registry.yarnpkg.com/iconv-lite/-/iconv-lite-0.6.3.tgz#a52f80bf38da1952eb5c681790719871a1a72501"
  integrity sha512-4fCk79wshMdzMp2rH06qWrJE4iolqLhCUH+OiuIgU++RB0+94NlDL81atO7GX55uUKueo0txHNtvEyI6D7WdMw==
  dependencies:
    safer-buffer ">= 2.1.2 < 3.0.0"

ieee754@^1.1.13, ieee754@^1.2.1:
  version "1.2.1"
  resolved "https://registry.yarnpkg.com/ieee754/-/ieee754-1.2.1.tgz#8eb7a10a63fff25d15a57b001586d177d1b0d352"
  integrity sha512-dcyqhDvX1C46lXZcVqCpK+FtMRQVdIMN6/Df5js2zouUsqG7I6sFxitIC+7KYK29KdXOLHdu9zL4sFnoVQnqaA==

image-q@^4.0.0:
  version "4.0.0"
  resolved "https://registry.yarnpkg.com/image-q/-/image-q-4.0.0.tgz#31e075be7bae3c1f42a85c469b4732c358981776"
  integrity sha512-PfJGVgIfKQJuq3s0tTDOKtztksibuUEbJQIYT3by6wctQo+Rdlh7ef4evJ5NCdxY4CfMbvFkocEwbl4BF8RlJw==
  dependencies:
    "@types/node" "16.9.1"

inherits@^2.0.3:
  version "2.0.4"
  resolved "https://registry.yarnpkg.com/inherits/-/inherits-2.0.4.tgz#0fa2c64f932917c3433a0ded55363aae37416b7c"
  integrity sha512-k/vGaX4/Yla3WzyMCvTQOXYeIHvqOKtnqBduzTHpzpQZzAskKMhZ2K+EnBiSM9zGSoIFeMpXKxa4dYeZIQqewQ==

is-docker@^3.0.0:
  version "3.0.0"
  resolved "https://registry.yarnpkg.com/is-docker/-/is-docker-3.0.0.tgz#90093aa3106277d8a77a5910dbae71747e15a200"
  integrity sha512-eljcgEDlEns/7AXFosB5K/2nCM4P7FQPkGc/DWLy5rmFEWvZayGrik1d9/QIY5nJ4f9YsVvBkA6kJpHn9rISdQ==

is-function@^1.0.1:
  version "1.0.2"
  resolved "https://registry.yarnpkg.com/is-function/-/is-function-1.0.2.tgz#4f097f30abf6efadac9833b17ca5dc03f8144e08"
  integrity sha512-lw7DUp0aWXYg+CBCN+JKkcE0Q2RayZnSvnZBlwgxHBQhqt5pZNVy4Ri7H9GmmXkdu7LUthszM+Tor1u/2iBcpQ==

is-inside-container@^1.0.0:
  version "1.0.0"
  resolved "https://registry.yarnpkg.com/is-inside-container/-/is-inside-container-1.0.0.tgz#e81fba699662eb31dbdaf26766a61d4814717ea4"
  integrity sha512-KIYLCCJghfHZxqjYBE7rEy0OBuTd5xCHS7tHVgvCLkx7StIoaxwNW3hCALgEUjFfeRk+MG/Qxmp/vtETEF3tRA==
  dependencies:
    is-docker "^3.0.0"

is-wsl@^3.1.0:
  version "3.1.0"
  resolved "https://registry.yarnpkg.com/is-wsl/-/is-wsl-3.1.0.tgz#e1c657e39c10090afcbedec61720f6b924c3cbd2"
  integrity sha512-UcVfVfaK4Sc4m7X3dUSoHoozQGBEFeDC+zVo06t98xe8CzHSZZBekNXH+tu0NalHolcJ/QAGqS46Hef7QXBIMw==
  dependencies:
    is-inside-container "^1.0.0"

isomorphic-fetch@^3.0.0:
  version "3.0.0"
  resolved "https://registry.yarnpkg.com/isomorphic-fetch/-/isomorphic-fetch-3.0.0.tgz#0267b005049046d2421207215d45d6a262b8b8b4"
  integrity sha512-qvUtwJ3j6qwsF3jLxkZ72qCgjMysPzDfeV240JHiGZsANBYd+EEuu35v7dfrJ9Up0Ak07D7GGSkGhCHTqg/5wA==
  dependencies:
    node-fetch "^2.6.1"
    whatwg-fetch "^3.4.1"

jimp@*:
  version "0.22.10"
  resolved "https://registry.yarnpkg.com/jimp/-/jimp-0.22.10.tgz#2cc3e265a99cdbe69ec60ddd57cbcde6a6cf0519"
  integrity sha512-lCaHIJAgTOsplyJzC1w/laxSxrbSsEBw4byKwXgUdMmh+ayPsnidTblenQm+IvhIs44Gcuvlb6pd2LQ0wcKaKg==
  dependencies:
    "@jimp/custom" "^0.22.10"
    "@jimp/plugins" "^0.22.10"
    "@jimp/types" "^0.22.10"
    regenerator-runtime "^0.13.3"

jpeg-js@^0.4.4:
  version "0.4.4"
  resolved "https://registry.yarnpkg.com/jpeg-js/-/jpeg-js-0.4.4.tgz#a9f1c6f1f9f0fa80cdb3484ed9635054d28936aa"
  integrity sha512-WZzeDOEtTOBK4Mdsar0IqEU5sMr3vSV2RqkAIzUEV2BHnUfKGyswWFPFwK5EeDo93K3FohSHbLAjj0s1Wzd+dg==

load-bmfont@^1.4.1:
  version "1.4.1"
  resolved "https://registry.yarnpkg.com/load-bmfont/-/load-bmfont-1.4.1.tgz#c0f5f4711a1e2ccff725a7b6078087ccfcddd3e9"
  integrity sha512-8UyQoYmdRDy81Brz6aLAUhfZLwr5zV0L3taTQ4hju7m6biuwiWiJXjPhBJxbUQJA8PrkvJ/7Enqmwk2sM14soA==
  dependencies:
    buffer-equal "0.0.1"
    mime "^1.3.4"
    parse-bmfont-ascii "^1.0.3"
    parse-bmfont-binary "^1.0.5"
    parse-bmfont-xml "^1.1.4"
    phin "^2.9.1"
    xhr "^2.0.1"
    xtend "^4.0.0"

lodash@^4.17.14:
  version "4.17.21"
  resolved "https://registry.yarnpkg.com/lodash/-/lodash-4.17.21.tgz#679591c564c3bffaae8454cf0b3df370c3d6911c"
  integrity sha512-v2kDEe57lecTulaDIuNTPy3Ry4gLGJ6Z1O3vE1krgXZNrsQ+LFTGHVxVjcXPs17LhbZVGedAJv8XZ1tvj5FvSg==

map-stream@~0.1.0:
  version "0.1.0"
  resolved "https://registry.yarnpkg.com/map-stream/-/map-stream-0.1.0.tgz#e56aa94c4c8055a16404a0674b78f215f7c8e194"
  integrity sha512-CkYQrPYZfWnu/DAmVCpTSX/xHpKZ80eKh2lAkyA6AJTef6bW+6JpbQZN5rofum7da+SyN1bi5ctTm+lTfcCW3g==

mime@^1.3.4, mime@^1.6.0:
  version "1.6.0"
  resolved "https://registry.yarnpkg.com/mime/-/mime-1.6.0.tgz#32cd9e5c64553bd58d19a568af452acff04981b1"
  integrity sha512-x0Vn8spI+wuJ1O6S7gnbaQg8Pxh4NNHb7KSINmEWKiPE4RKOplvijn+NkmYmmRgP68mc70j2EbeTFRsrswaQeg==

min-document@^2.19.0:
  version "2.19.0"
  resolved "https://registry.yarnpkg.com/min-document/-/min-document-2.19.0.tgz#7bd282e3f5842ed295bb748cdd9f1ffa2c824685"
  integrity sha512-9Wy1B3m3f66bPPmU5hdA4DR4PB2OfDU/+GS3yAB7IQozE3tqXaVv2zOjgla7MEGSRv95+ILmOuvhLkOK6wJtCQ==
  dependencies:
    dom-walk "^0.1.0"

minimist@^1.2.6:
  version "1.2.8"
  resolved "https://registry.yarnpkg.com/minimist/-/minimist-1.2.8.tgz#c1a464e7693302e082a075cee0c057741ac4772c"
  integrity sha512-2yyAR8qBkN3YuheJanUpWC5U3bb5osDywNB8RzDVlDwDHbocAJveqqj1u8+SVD7jkWT4yvsHCpWqqWqAxb0zCA==

mkdirp@^0.5.6:
  version "0.5.6"
  resolved "https://registry.yarnpkg.com/mkdirp/-/mkdirp-0.5.6.tgz#7def03d2432dcae4ba1d611445c48396062255f6"
  integrity sha512-FP+p8RB8OWpF3YZBCrP5gtADmtXApB5AMLn+vdyA+PyxCjrCs00mjyUozssO33cwDeT3wNGdLxJ5M//YqtHAJw==
  dependencies:
    minimist "^1.2.6"

ms@^2.1.1:
  version "2.1.3"
  resolved "https://registry.yarnpkg.com/ms/-/ms-2.1.3.tgz#574c8138ce1d2b5861f0b44579dbadd60c6615b2"
  integrity sha512-6FlzubTLZG3J2a/NVCAleEhjzq5oxgHyaCU9yYXvcLsvoVaHJq/s5xXI6/XXP6tz7R9xAOtHnSO/tXtF3WRTlA==

node-fetch@^2.6.1:
  version "2.7.0"
  resolved "https://registry.yarnpkg.com/node-fetch/-/node-fetch-2.7.0.tgz#d0f0fa6e3e2dc1d27efcd8ad99d550bda94d187d"
  integrity sha512-c4FRfUm/dbcWZ7U+1Wq0AwCyFL+3nt2bEw05wfxSz+DWpWsitgmSgYmy2dQdWyKC1694ELPqMs/YzUSNozLt8A==
  dependencies:
    whatwg-url "^5.0.0"

object-inspect@^1.13.1:
  version "1.13.1"
  resolved "https://registry.yarnpkg.com/object-inspect/-/object-inspect-1.13.1.tgz#b96c6109324ccfef6b12216a956ca4dc2ff94bc2"
  integrity sha512-5qoj1RUiKOMsCCNLV1CBiPYE10sziTsnmNxkAI/rZhiD63CF7IqdFGC/XzjWjpSgLf0LxXX3bDFIh0E18f6UhQ==

omggif@^1.0.10, omggif@^1.0.9:
  version "1.0.10"
  resolved "https://registry.yarnpkg.com/omggif/-/omggif-1.0.10.tgz#ddaaf90d4a42f532e9e7cb3a95ecdd47f17c7b19"
  integrity sha512-LMJTtvgc/nugXj0Vcrrs68Mn2D1r0zf630VNtqtpI1FEO7e+O9FP4gqs9AcnBaSEeoHIPm28u6qgPR0oyEpGSw==

open@^10.1.0:
  version "10.1.0"
  resolved "https://registry.yarnpkg.com/open/-/open-10.1.0.tgz#a7795e6e5d519abe4286d9937bb24b51122598e1"
  integrity sha512-mnkeQ1qP5Ue2wd+aivTD3NHd/lZ96Lu0jgf0pwktLPtx6cTZiH7tyeGRRHs0zX0rbrahXPnXlUnbeXyaBBuIaw==
  dependencies:
    default-browser "^5.2.1"
    define-lazy-prop "^3.0.0"
    is-inside-container "^1.0.0"
    is-wsl "^3.1.0"

opener@^1.5.1:
  version "1.5.2"
  resolved "https://registry.yarnpkg.com/opener/-/opener-1.5.2.tgz#5d37e1f35077b9dcac4301372271afdeb2a13598"
  integrity sha512-ur5UIdyw5Y7yEj9wLzhqXiy6GZ3Mwx0yGI+5sMn2r0N0v3cKJvUmFH5yPP+WXh9e0xfyzyJX95D8l088DNFj7A==

pako@^1.0.11:
  version "1.0.11"
  resolved "https://registry.yarnpkg.com/pako/-/pako-1.0.11.tgz#6c9599d340d54dfd3946380252a35705a6b992bf"
  integrity sha512-4hLB8Py4zZce5s4yd9XzopqwVv/yGNhV1Bl8NTmCq1763HeK2+EwVTv+leGeL13Dnh2wfbqowVPXCIO0z4taYw==

parse-bmfont-ascii@^1.0.3:
  version "1.0.6"
  resolved "https://registry.yarnpkg.com/parse-bmfont-ascii/-/parse-bmfont-ascii-1.0.6.tgz#11ac3c3ff58f7c2020ab22769079108d4dfa0285"
  integrity sha512-U4RrVsUFCleIOBsIGYOMKjn9PavsGOXxbvYGtMOEfnId0SVNsgehXh1DxUdVPLoxd5mvcEtvmKs2Mmf0Mpa1ZA==

parse-bmfont-binary@^1.0.5:
  version "1.0.6"
  resolved "https://registry.yarnpkg.com/parse-bmfont-binary/-/parse-bmfont-binary-1.0.6.tgz#d038b476d3e9dd9db1e11a0b0e53a22792b69006"
  integrity sha512-GxmsRea0wdGdYthjuUeWTMWPqm2+FAd4GI8vCvhgJsFnoGhTrLhXDDupwTo7rXVAgaLIGoVHDZS9p/5XbSqeWA==

parse-bmfont-xml@^1.1.4:
  version "1.1.6"
  resolved "https://registry.yarnpkg.com/parse-bmfont-xml/-/parse-bmfont-xml-1.1.6.tgz#016b655da7aebe6da38c906aca16bf0415773767"
  integrity sha512-0cEliVMZEhrFDwMh4SxIyVJpqYoOWDJ9P895tFuS+XuNzI5UBmBk5U5O4KuJdTnZpSBI4LFA2+ZiJaiwfSwlMA==
  dependencies:
    xml-parse-from-string "^1.0.0"
    xml2js "^0.5.0"

parse-headers@^2.0.0:
  version "2.0.5"
  resolved "https://registry.yarnpkg.com/parse-headers/-/parse-headers-2.0.5.tgz#069793f9356a54008571eb7f9761153e6c770da9"
  integrity sha512-ft3iAoLOB/MlwbNXgzy43SWGP6sQki2jQvAyBg/zDFAgr9bfNWZIUj42Kw2eJIl8kEi4PbgE6U1Zau/HwI75HA==

pause-stream@0.0.11:
  version "0.0.11"
  resolved "https://registry.yarnpkg.com/pause-stream/-/pause-stream-0.0.11.tgz#fe5a34b0cbce12b5aa6a2b403ee2e73b602f1445"
  integrity sha512-e3FBlXLmN/D1S+zHzanP4E/4Z60oFAa3O051qt1pxa7DEJWKAyil6upYVXCWadEnuoqa4Pkc9oUx9zsxYeRv8A==
  dependencies:
    through "~2.3"

peek-readable@^4.1.0:
  version "4.1.0"
  resolved "https://registry.yarnpkg.com/peek-readable/-/peek-readable-4.1.0.tgz#4ece1111bf5c2ad8867c314c81356847e8a62e72"
  integrity sha512-ZI3LnwUv5nOGbQzD9c2iDG6toheuXSZP5esSHBjopsXH4dg19soufvpUGA3uohi5anFtGb2lhAVdHzH6R/Evvg==

phin@^2.9.1:
  version "2.9.3"
  resolved "https://registry.yarnpkg.com/phin/-/phin-2.9.3.tgz#f9b6ac10a035636fb65dfc576aaaa17b8743125c"
  integrity sha512-CzFr90qM24ju5f88quFC/6qohjC144rehe5n6DH900lgXmUe86+xCKc10ev56gRKC4/BkHUoG4uSiQgBiIXwDA==

pixelmatch@^4.0.2:
  version "4.0.2"
  resolved "https://registry.yarnpkg.com/pixelmatch/-/pixelmatch-4.0.2.tgz#8f47dcec5011b477b67db03c243bc1f3085e8854"
  integrity sha512-J8B6xqiO37sU/gkcMglv6h5Jbd9xNER7aHzpfRdNmV4IbQBzBpe4l9XmbG+xPF/znacgu2jfEw+wHffaq/YkXA==
  dependencies:
    pngjs "^3.0.0"

pngjs@^3.0.0:
  version "3.4.0"
  resolved "https://registry.yarnpkg.com/pngjs/-/pngjs-3.4.0.tgz#99ca7d725965fb655814eaf65f38f12bbdbf555f"
  integrity sha512-NCrCHhWmnQklfH4MtJMRjZ2a8c80qXeMlQMv2uVp9ISJMTt562SbGd6n2oq0PaPgKm7Z6pL9E2UlLIhC+SHL3w==

pngjs@^6.0.0:
  version "6.0.0"
  resolved "https://registry.yarnpkg.com/pngjs/-/pngjs-6.0.0.tgz#ca9e5d2aa48db0228a52c419c3308e87720da821"
  integrity sha512-TRzzuFRRmEoSW/p1KVAmiOgPco2Irlah+bGFCeNfJXxxYGwSw7YwAOAcd7X28K/m5bjBWKsC29KyoMfHbypayg==

portfinder@^1.0.28:
  version "1.0.32"
  resolved "https://registry.yarnpkg.com/portfinder/-/portfinder-1.0.32.tgz#2fe1b9e58389712429dc2bea5beb2146146c7f81"
  integrity sha512-on2ZJVVDXRADWE6jnQaX0ioEylzgBpQk8r55NE4wjXW1ZxO+BgDlY6DXwj20i0V8eB4SenDQ00WEaxfiIQPcxg==
  dependencies:
    async "^2.6.4"
    debug "^3.2.7"
    mkdirp "^0.5.6"

process@^0.11.10:
  version "0.11.10"
  resolved "https://registry.yarnpkg.com/process/-/process-0.11.10.tgz#7332300e840161bda3e69a1d1d91a7d4bc16f182"
  integrity sha512-cdGef/drWFoydD1JsMzuFf8100nZl+GT+yacc2bEced5f9Rjk4z+WtFUTBu9PhOi9j/jfmBPu0mMEY4wIdAF8A==

prompt-sync@^4.2.0:
  version "4.2.0"
  resolved "https://registry.yarnpkg.com/prompt-sync/-/prompt-sync-4.2.0.tgz#0198f73c5b70e3b03e4b9033a50540a7c9a1d7f4"
  integrity sha512-BuEzzc5zptP5LsgV5MZETjDaKSWfchl5U9Luiu8SKp7iZWD5tZalOxvNcZRwv+d2phNFr8xlbxmFNcRKfJOzJw==
  dependencies:
    strip-ansi "^5.0.0"

ps-tree@^1.2.0:
  version "1.2.0"
  resolved "https://registry.yarnpkg.com/ps-tree/-/ps-tree-1.2.0.tgz#5e7425b89508736cdd4f2224d028f7bb3f722ebd"
  integrity sha512-0VnamPPYHl4uaU/nSFeZZpR21QAWRz+sRv4iW9+v/GS/J5U5iZB5BNN6J0RMoOvdx2gWM2+ZFMIm58q24e4UYA==
  dependencies:
    event-stream "=3.3.4"

qs@^6.4.0:
  version "6.11.2"
  resolved "https://registry.yarnpkg.com/qs/-/qs-6.11.2.tgz#64bea51f12c1f5da1bc01496f48ffcff7c69d7d9"
  integrity sha512-tDNIz22aBzCDxLtVH++VnTfzxlfeK5CbqohpSqpJgj1Wg/cQbStNAz3NuqCs5vV+pjBsK4x4pN9HlVh7rcYRiA==
  dependencies:
    side-channel "^1.0.4"

readable-stream@^3.6.0:
  version "3.6.2"
  resolved "https://registry.yarnpkg.com/readable-stream/-/readable-stream-3.6.2.tgz#56a9b36ea965c00c5a93ef31eb111a0f11056967"
  integrity sha512-9u/sniCrY3D5WdsERHzHE4G2YCXqoG5FTHUiCC4SIbr6XcLZBY05ya9EKjYek9O5xOAwjGq+1JdGBAS7Q9ScoA==
  dependencies:
    inherits "^2.0.3"
    string_decoder "^1.1.1"
    util-deprecate "^1.0.1"

readable-web-to-node-stream@^3.0.0:
  version "3.0.2"
  resolved "https://registry.yarnpkg.com/readable-web-to-node-stream/-/readable-web-to-node-stream-3.0.2.tgz#5d52bb5df7b54861fd48d015e93a2cb87b3ee0bb"
  integrity sha512-ePeK6cc1EcKLEhJFt/AebMCLL+GgSKhuygrZ/GLaKZYEecIgIECf4UaUuaByiGtzckwR4ain9VzUh95T1exYGw==
  dependencies:
    readable-stream "^3.6.0"

regenerator-runtime@^0.13.3:
  version "0.13.11"
  resolved "https://registry.yarnpkg.com/regenerator-runtime/-/regenerator-runtime-0.13.11.tgz#f6dca3e7ceec20590d07ada785636a90cdca17f9"
  integrity sha512-kY1AZVr2Ra+t+piVaJ4gxaFaReZVH40AKNo7UCX6W+dEwBo/2oZJzqfuN1qLq1oL45o56cPaTXELwrTh8Fpggg==

requires-port@^1.0.0:
  version "1.0.0"
  resolved "https://registry.yarnpkg.com/requires-port/-/requires-port-1.0.0.tgz#925d2601d39ac485e091cf0da5c6e694dc3dcaff"
  integrity sha512-KigOCHcocU3XODJxsu8i/j8T9tzT4adHiecwORRQ0ZZFcp7ahwXuRU1m+yuO90C5ZUyGeGfocHDI14M3L3yDAQ==

run-applescript@^7.0.0:
  version "7.0.0"
  resolved "https://registry.yarnpkg.com/run-applescript/-/run-applescript-7.0.0.tgz#e5a553c2bffd620e169d276c1cd8f1b64778fbeb"
  integrity sha512-9by4Ij99JUr/MCFBUkDKLWK3G9HVXmabKz9U5MlIAIuvuzkiOicRYs8XJLxX+xahD+mLiiCYDqF9dKAgtzKP1A==

safe-buffer@5.1.2:
  version "5.1.2"
  resolved "https://registry.yarnpkg.com/safe-buffer/-/safe-buffer-5.1.2.tgz#991ec69d296e0313747d59bdfd2b745c35f8828d"
  integrity sha512-Gd2UZBJDkXlY7GbJxfsE8/nvKkUEU1G38c1siN6QP6a9PT9MmHB8GnpscSmMJSoF8LOIrt8ud/wPtojys4G6+g==

safe-buffer@~5.2.0:
  version "5.2.1"
  resolved "https://registry.yarnpkg.com/safe-buffer/-/safe-buffer-5.2.1.tgz#1eaf9fa9bdb1fdd4ec75f58f9cdb4e6b7827eec6"
  integrity sha512-rp3So07KcdmmKbGvgaNxQSJr7bGVSVk5S9Eq1F+ppbRo70+YeaDxkw5Dd8NPN+GD6bjnYm2VuPuCXmpuYvmCXQ==

"safer-buffer@>= 2.1.2 < 3.0.0":
  version "2.1.2"
  resolved "https://registry.yarnpkg.com/safer-buffer/-/safer-buffer-2.1.2.tgz#44fa161b0187b9549dd84bb91802f9bd8385cd6a"
  integrity sha512-YZo3K82SD7Riyi0E1EQPojLz7kpepnSQI9IyPbHHg1XXXevb5dJI7tpyN2ADxGcQbHG7vcyRHk0cbwqcQriUtg==

sax@>=0.6.0:
  version "1.3.0"
  resolved "https://registry.yarnpkg.com/sax/-/sax-1.3.0.tgz#a5dbe77db3be05c9d1ee7785dbd3ea9de51593d0"
  integrity sha512-0s+oAmw9zLl1V1cS9BtZN7JAd0cW5e0QH4W3LWEK6a4LaLEA2OTpGYWDY+6XasBLtz6wkm3u1xRw95mRuJ59WA==

secure-compare@3.0.1:
  version "3.0.1"
  resolved "https://registry.yarnpkg.com/secure-compare/-/secure-compare-3.0.1.tgz#f1a0329b308b221fae37b9974f3d578d0ca999e3"
  integrity sha512-AckIIV90rPDcBcglUwXPF3kg0P0qmPsPXAj6BBEENQE1p5yA1xfmDJzfi1Tappj37Pv2mVbKpL3Z1T+Nn7k1Qw==

set-function-length@^1.2.1:
  version "1.2.1"
  resolved "https://registry.yarnpkg.com/set-function-length/-/set-function-length-1.2.1.tgz#47cc5945f2c771e2cf261c6737cf9684a2a5e425"
  integrity sha512-j4t6ccc+VsKwYHso+kElc5neZpjtq9EnRICFZtWyBsLojhmeF/ZBd/elqm22WJh/BziDe/SBiOeAt0m2mfLD0g==
  dependencies:
    define-data-property "^1.1.2"
    es-errors "^1.3.0"
    function-bind "^1.1.2"
    get-intrinsic "^1.2.3"
    gopd "^1.0.1"
    has-property-descriptors "^1.0.1"

side-channel@^1.0.4:
  version "1.0.5"
  resolved "https://registry.yarnpkg.com/side-channel/-/side-channel-1.0.5.tgz#9a84546599b48909fb6af1211708d23b1946221b"
  integrity sha512-QcgiIWV4WV7qWExbN5llt6frQB/lBven9pqliLXfGPB+K9ZYXxDozp0wLkHS24kWCm+6YXH/f0HhnObZnZOBnQ==
  dependencies:
    call-bind "^1.0.6"
    es-errors "^1.3.0"
    get-intrinsic "^1.2.4"
    object-inspect "^1.13.1"

split@0.3:
  version "0.3.3"
  resolved "https://registry.yarnpkg.com/split/-/split-0.3.3.tgz#cd0eea5e63a211dfff7eb0f091c4133e2d0dd28f"
  integrity sha512-wD2AeVmxXRBoX44wAycgjVpMhvbwdI2aZjCkvfNcH1YqHQvJVa1duWc73OyVGJUc05fhFaTZeQ/PYsrmyH0JVA==
  dependencies:
    through "2"

stream-combiner@~0.0.4:
  version "0.0.4"
  resolved "https://registry.yarnpkg.com/stream-combiner/-/stream-combiner-0.0.4.tgz#4d5e433c185261dde623ca3f44c586bcf5c4ad14"
  integrity sha512-rT00SPnTVyRsaSz5zgSPma/aHSOic5U1prhYdRy5HS2kTZviFpmDgzilbtsJsxiroqACmayynDN/9VzIbX5DOw==
  dependencies:
    duplexer "~0.1.1"

string_decoder@^1.1.1:
  version "1.3.0"
  resolved "https://registry.yarnpkg.com/string_decoder/-/string_decoder-1.3.0.tgz#42f114594a46cf1a8e30b0a84f56c78c3edac21e"
  integrity sha512-hkRX8U1WjJFd8LsDJ2yQ/wWWxaopEsABU1XfkM8A+j0+85JAGppt16cr1Whg6KIbb4okU6Mql6BOj+uup/wKeA==
  dependencies:
    safe-buffer "~5.2.0"

strip-ansi@^5.0.0:
  version "5.2.0"
  resolved "https://registry.yarnpkg.com/strip-ansi/-/strip-ansi-5.2.0.tgz#8c9a536feb6afc962bdfa5b104a5091c1ad9c0ae"
  integrity sha512-DuRs1gKbBqsMKIZlrffwlug8MHkcnpjs5VPmL1PAh+mA30U0DTotfDZ0d2UUsXpPmPmMMJ6W773MaA3J+lbiWA==
  dependencies:
    ansi-regex "^4.1.0"

strtok3@^6.2.4:
  version "6.3.0"
  resolved "https://registry.yarnpkg.com/strtok3/-/strtok3-6.3.0.tgz#358b80ffe6d5d5620e19a073aa78ce947a90f9a0"
  integrity sha512-fZtbhtvI9I48xDSywd/somNqgUHl2L2cstmXCCif0itOf96jeW18MBSyrLuNicYQVkvpOxkZtkzujiTJ9LW5Jw==
  dependencies:
    "@tokenizer/token" "^0.3.0"
    peek-readable "^4.1.0"

supports-color@^7.1.0:
  version "7.2.0"
  resolved "https://registry.yarnpkg.com/supports-color/-/supports-color-7.2.0.tgz#1b7dcdcb32b8138801b3e478ba6a51caa89648da"
  integrity sha512-qpCAvRl9stuOHveKsn7HncJRvv501qIacKzQlO/+Lwxc9+0q2wLyv4Dfvt80/DPn2pqOBsJdDiogXGR9+OvwRw==
  dependencies:
    has-flag "^4.0.0"

terminate@^2.6.1:
  version "2.6.1"
  resolved "https://registry.yarnpkg.com/terminate/-/terminate-2.6.1.tgz#99a4eb1647011b95f47401f6beb9f23e0362fbc0"
  integrity sha512-0kdr49oam98yvjkVY+gfUaT3SMaJI6Sc+yijJjU+qhat+0NQKQn60OsIZZeKyVgTO0/33nRa3HowRbpw3A7u9A==
  dependencies:
    ps-tree "^1.2.0"

through@2, through@~2.3, through@~2.3.1:
  version "2.3.8"
  resolved "https://registry.yarnpkg.com/through/-/through-2.3.8.tgz#0dd4c9ffaabc357960b1b724115d7e0e86a2e1f5"
  integrity sha512-w89qg7PI8wAdvX60bMDP+bFoD5Dvhm9oLheFp5O4a2QF0cSBGsBX4qZmadPMvVqlLJBBci+WqGGOAPvcDeNSVg==

timm@^1.6.1:
  version "1.7.1"
  resolved "https://registry.yarnpkg.com/timm/-/timm-1.7.1.tgz#96bab60c7d45b5a10a8a4d0f0117c6b7e5aff76f"
  integrity sha512-IjZc9KIotudix8bMaBW6QvMuq64BrJWFs1+4V0lXwWGQZwH+LnX87doAYhem4caOEusRP9/g6jVDQmZ8XOk1nw==

tinycolor2@^1.6.0:
  version "1.6.0"
  resolved "https://registry.yarnpkg.com/tinycolor2/-/tinycolor2-1.6.0.tgz#f98007460169b0263b97072c5ae92484ce02d09e"
  integrity sha512-XPaBkWQJdsf3pLKJV9p4qN/S+fm2Oj8AIPo1BTUhg5oxkvm9+SVEGFdhyOz7tTdUTfvxMiAs4sp6/eZO2Ew+pw==

token-types@^4.1.1:
  version "4.2.1"
  resolved "https://registry.yarnpkg.com/token-types/-/token-types-4.2.1.tgz#0f897f03665846982806e138977dbe72d44df753"
  integrity sha512-6udB24Q737UD/SDsKAHI9FCRP7Bqc9D/MQUV02ORQg5iskjtLJlZJNdN4kKtcdtwCeWIwIHDGaUsTsCCAa8sFQ==
  dependencies:
    "@tokenizer/token" "^0.3.0"
    ieee754 "^1.2.1"

tr46@~0.0.3:
  version "0.0.3"
  resolved "https://registry.yarnpkg.com/tr46/-/tr46-0.0.3.tgz#8184fd347dac9cdc185992f3a6622e14b9d9ab6a"
  integrity sha512-N3WMsuqV66lT30CrXNbEjx4GEwlow3v6rr4mCcv6prnfwhS01rkgyFdjPNBYd9br7LpXV1+Emh01fHnq2Gdgrw==

typescript@^5.3.3:
  version "5.3.3"
  resolved "https://registry.yarnpkg.com/typescript/-/typescript-5.3.3.tgz#b3ce6ba258e72e6305ba66f5c9b452aaee3ffe37"
  integrity sha512-pXWcraxM0uxAS+tN0AG/BF2TyqmHO014Z070UsJ+pFvYuRSq8KH8DmWpnbXe0pEPDHXZV3FcAbJkijJ5oNEnWw==

union@~0.5.0:
  version "0.5.0"
  resolved "https://registry.yarnpkg.com/union/-/union-0.5.0.tgz#b2c11be84f60538537b846edb9ba266ba0090075"
  integrity sha512-N6uOhuW6zO95P3Mel2I2zMsbsanvvtgn6jVqJv4vbVcz/JN0OkL9suomjQGmWtxJQXOCqUJvquc1sMeNz/IwlA==
  dependencies:
    qs "^6.4.0"

url-join@^4.0.1:
  version "4.0.1"
  resolved "https://registry.yarnpkg.com/url-join/-/url-join-4.0.1.tgz#b642e21a2646808ffa178c4c5fda39844e12cde7"
  integrity sha512-jk1+QP6ZJqyOiuEI9AEWQfju/nB2Pw466kbA0LEZljHwKeMgd9WrAEgEGxjPDD2+TNbbb37rTyhEfrCXfuKXnA==

utif2@^4.0.1:
  version "4.1.0"
  resolved "https://registry.yarnpkg.com/utif2/-/utif2-4.1.0.tgz#e768d37bd619b995d56d9780b5d2b4611a3d932b"
  integrity sha512-+oknB9FHrJ7oW7A2WZYajOcv4FcDR4CfoGB0dPNfxbi4GO05RRnFmt5oa23+9w32EanrYcSJWspUiJkLMs+37w==
  dependencies:
    pako "^1.0.11"

util-deprecate@^1.0.1:
  version "1.0.2"
  resolved "https://registry.yarnpkg.com/util-deprecate/-/util-deprecate-1.0.2.tgz#450d4dc9fa70de732762fbd2d4a28981419a0ccf"
  integrity sha512-EPD5q1uXyFxJpCrLnCc1nHnq3gOa6DZBocAIiI2TaSCA7VCJ1UJDMagCzIkXNsUYfD1daK//LTEQ8xiIbrHtcw==

webidl-conversions@^3.0.0:
  version "3.0.1"
  resolved "https://registry.yarnpkg.com/webidl-conversions/-/webidl-conversions-3.0.1.tgz#24534275e2a7bc6be7bc86611cc16ae0a5654871"
  integrity sha512-2JAn3z8AR6rjK8Sm8orRC0h/bcl/DqL7tRPdGZ4I1CjdF+EaMLmYxBHyXuKL849eucPFhvBoxMsflfOb8kxaeQ==

whatwg-encoding@^2.0.0:
  version "2.0.0"
  resolved "https://registry.yarnpkg.com/whatwg-encoding/-/whatwg-encoding-2.0.0.tgz#e7635f597fd87020858626805a2729fa7698ac53"
  integrity sha512-p41ogyeMUrw3jWclHWTQg1k05DSVXPLcVxRTYsXUk+ZooOCZLcoYgPZ/HL/D/N+uQPOtcp1me1WhBEaX02mhWg==
  dependencies:
    iconv-lite "0.6.3"

whatwg-fetch@^3.4.1:
  version "3.6.20"
  resolved "https://registry.yarnpkg.com/whatwg-fetch/-/whatwg-fetch-3.6.20.tgz#580ce6d791facec91d37c72890995a0b48d31c70"
  integrity sha512-EqhiFU6daOA8kpjOWTL0olhVOF3i7OrFzSYiGsEMB8GcXS+RrzauAERX65xMeNWVqxA6HXH2m69Z9LaKKdisfg==

whatwg-url@^5.0.0:
  version "5.0.0"
  resolved "https://registry.yarnpkg.com/whatwg-url/-/whatwg-url-5.0.0.tgz#966454e8765462e37644d3626f6742ce8b70965d"
  integrity sha512-saE57nupxk6v3HY35+jzBwYa0rKSy0XR8JSxZPwgLr7ys0IBzhGviA1/TUGJLmSVqs8pb9AnvICXEuOHLprYTw==
  dependencies:
    tr46 "~0.0.3"
    webidl-conversions "^3.0.0"

xhr@^2.0.1:
  version "2.6.0"
  resolved "https://registry.yarnpkg.com/xhr/-/xhr-2.6.0.tgz#b69d4395e792b4173d6b7df077f0fc5e4e2b249d"
  integrity sha512-/eCGLb5rxjx5e3mF1A7s+pLlR6CGyqWN91fv1JgER5mVWg1MZmlhBvy9kjcsOdRk8RrIujotWyJamfyrp+WIcA==
  dependencies:
    global "~4.4.0"
    is-function "^1.0.1"
    parse-headers "^2.0.0"
    xtend "^4.0.0"

xml-parse-from-string@^1.0.0:
  version "1.0.1"
  resolved "https://registry.yarnpkg.com/xml-parse-from-string/-/xml-parse-from-string-1.0.1.tgz#a9029e929d3dbcded169f3c6e28238d95a5d5a28"
  integrity sha512-ErcKwJTF54uRzzNMXq2X5sMIy88zJvfN2DmdoQvy7PAFJ+tPRU6ydWuOKNMyfmOjdyBQTFREi60s0Y0SyI0G0g==

xml2js@^0.5.0:
  version "0.5.0"
  resolved "https://registry.yarnpkg.com/xml2js/-/xml2js-0.5.0.tgz#d9440631fbb2ed800203fad106f2724f62c493b7"
  integrity sha512-drPFnkQJik/O+uPKpqSgr22mpuFHqKdbS835iAQrUC73L2F5WkboIRd63ai/2Yg6I1jzifPFKH2NTK+cfglkIA==
  dependencies:
    sax ">=0.6.0"
    xmlbuilder "~11.0.0"

xmlbuilder@~11.0.0:
  version "11.0.1"
  resolved "https://registry.yarnpkg.com/xmlbuilder/-/xmlbuilder-11.0.1.tgz#be9bae1c8a046e76b31127726347d0ad7002beb3"
  integrity sha512-fDlsI/kFEx7gLvbecc0/ohLG50fugQp8ryHzMTuW9vSa1GJ0XYWKnhsUx7oie3G98+r56aTQIUB4kht42R3JvA==

xtend@^4.0.0:
  version "4.0.2"
  resolved "https://registry.yarnpkg.com/xtend/-/xtend-4.0.2.tgz#bb72779f5fa465186b1f438f674fa347fdb5db54"
  integrity sha512-LKYU1iAXJXUgAXn9URjiu+MWhyUXHsvfp7mcuYm9dSUKK0/CjtrUwFAxD82/mCWbtLsGjFIad0wIsod4zrTAEQ==
